
Microsoft Visual Studio Solution File, Format Version 12.00
# Visual Studio Version 17
VisualStudioVersion = 17.0.32112.339
MinimumVisualStudioVersion = 10.0.40219.1
Project("{9A19103F-16F7-4668-BE54-9A1E7A4F7556}") = "FinalTask", "JWTRefreshToken.NET6.0\FinalTask.csproj", "{0AD4B02E-8567-4B30-B752-0239B6165FB0}"
EndProject
Project("{FAE04EC0-301F-11D3-BF4B-00C04F79EFBC}") = "FinalTask.UnitTests", "ApiUnitTests\FinalTask.UnitTests.csproj", "{96203909-CA07-4A38-8616-1277A0C1F0E8}"
EndProject
Project("{FAE04EC0-301F-11D3-BF4B-00C04F79EFBC}") = "FinalTask.IntegrationTests", "FinalTask.IntegrationTests\FinalTask.IntegrationTests.csproj", "{DF0EDE50-F1A7-4280-93A2-28A0A8DA72CC}"
EndProject
Global
	GlobalSection(SolutionConfigurationPlatforms) = preSolution
		Debug|Any CPU = Debug|Any CPU
		Release|Any CPU = Release|Any CPU
	EndGlobalSection
	GlobalSection(ProjectConfigurationPlatforms) = postSolution
		{0AD4B02E-8567-4B30-B752-0239B6165FB0}.Debug|Any CPU.ActiveCfg = Debug|Any CPU
		{0AD4B02E-8567-4B30-B752-0239B6165FB0}.Debug|Any CPU.Build.0 = Debug|Any CPU
		{0AD4B02E-8567-4B30-B752-0239B6165FB0}.Release|Any CPU.ActiveCfg = Release|Any CPU
		{0AD4B02E-8567-4B30-B752-0239B6165FB0}.Release|Any CPU.Build.0 = Release|Any CPU
		{96203909-CA07-4A38-8616-1277A0C1F0E8}.Debug|Any CPU.ActiveCfg = Debug|Any CPU
		{96203909-CA07-4A38-8616-1277A0C1F0E8}.Debug|Any CPU.Build.0 = Debug|Any CPU
		{96203909-CA07-4A38-8616-1277A0C1F0E8}.Release|Any CPU.ActiveCfg = Release|Any CPU
		{96203909-CA07-4A38-8616-1277A0C1F0E8}.Release|Any CPU.Build.0 = Release|Any CPU
		{DF0EDE50-F1A7-4280-93A2-28A0A8DA72CC}.Debug|Any CPU.ActiveCfg = Debug|Any CPU
		{DF0EDE50-F1A7-4280-93A2-28A0A8DA72CC}.Debug|Any CPU.Build.0 = Debug|Any CPU
		{DF0EDE50-F1A7-4280-93A2-28A0A8DA72CC}.Release|Any CPU.ActiveCfg = Release|Any CPU
		{DF0EDE50-F1A7-4280-93A2-28A0A8DA72CC}.Release|Any CPU.Build.0 = Release|Any CPU
	EndGlobalSection
	GlobalSection(SolutionProperties) = preSolution
		HideSolutionNode = FALSE
	EndGlobalSection
	GlobalSection(ExtensibilityGlobals) = postSolution
		SolutionGuid = {1642C8F5-990F-457B-96AE-F3FCA30D35AE}
	EndGlobalSection
EndGlobal
